
Microsoft Visual Studio Solution File, Format Version 12.00
# Visual Studio Version 16
VisualStudioVersion = 16.0.30611.23
MinimumVisualStudioVersion = 10.0.40219.1
Project("{FAE04EC0-301F-11D3-BF4B-00C04F79EFBC}") = "Kursach", "Kursach\Kursach.csproj", "{0651D03B-F3C6-4F7D-AEB4-9C9D4A53550C}"
EndProject
Global
	GlobalSection(SolutionConfigurationPlatforms) = preSolution
		Debug|Any CPU = Debug|Any CPU
		Release|Any CPU = Release|Any CPU
	EndGlobalSection
	GlobalSection(ProjectConfigurationPlatforms) = postSolution
		{0651D03B-F3C6-4F7D-AEB4-9C9D4A53550C}.Debug|Any CPU.ActiveCfg = Debug|Any CPU
		{0651D03B-F3C6-4F7D-AEB4-9C9D4A53550C}.Debug|Any CPU.Build.0 = Debug|Any CPU
		{0651D03B-F3C6-4F7D-AEB4-9C9D4A53550C}.Release|Any CPU.ActiveCfg = Release|Any CPU
		{0651D03B-F3C6-4F7D-AEB4-9C9D4A53550C}.Release|Any CPU.Build.0 = Release|Any CPU
	EndGlobalSection
	GlobalSection(SolutionProperties) = preSolution
		HideSolutionNode = FALSE
	EndGlobalSection
	GlobalSection(ExtensibilityGlobals) = postSolution
		SolutionGuid = {207BBE0E-D863-49D8-A5D1-450DBDFC58E1}
	EndGlobalSection
EndGlobal
